
Microsoft Visual Studio Solution File, Format Version 12.00
# Visual Studio Version 17
VisualStudioVersion = 17.5.002.0
MinimumVisualStudioVersion = 10.0.40219.1
Project("{9A19103F-16F7-4668-BE54-9A1E7A4F7556}") = "Project2", "Project2.csproj", "{0DC0F56A-B4DB-4734-A115-A438B24B8BCB}"
EndProject
Global
	GlobalSection(SolutionConfigurationPlatforms) = preSolution
		Debug|Any CPU = Debug|Any CPU
		Release|Any CPU = Release|Any CPU
	EndGlobalSection
	GlobalSection(ProjectConfigurationPlatforms) = postSolution
		{0DC0F56A-B4DB-4734-A115-A438B24B8BCB}.Debug|Any CPU.ActiveCfg = Debug|Any CPU
		{0DC0F56A-B4DB-4734-A115-A438B24B8BCB}.Debug|Any CPU.Build.0 = Debug|Any CPU
		{0DC0F56A-B4DB-4734-A115-A438B24B8BCB}.Release|Any CPU.ActiveCfg = Release|Any CPU
		{0DC0F56A-B4DB-4734-A115-A438B24B8BCB}.Release|Any CPU.Build.0 = Release|Any CPU
	EndGlobalSection
	GlobalSection(SolutionProperties) = preSolution
		HideSolutionNode = FALSE
	EndGlobalSection
	GlobalSection(ExtensibilityGlobals) = postSolution
		SolutionGuid = {970D0976-DFCF-4880-B6B1-3DF0643C2349}
	EndGlobalSection
EndGlobal
